
Microsoft Visual Studio Solution File, Format Version 12.00
# Visual Studio Version 17
VisualStudioVersion = 17.5.33516.290
MinimumVisualStudioVersion = 10.0.40219.1
Project("{9A19103F-16F7-4668-BE54-9A1E7A4F7556}") = "UskokDB", "UskokDB\UskokDB.csproj", "{2F377CF6-D2DC-4F6B-9489-7133ACC3CB77}"
EndProject
Project("{9A19103F-16F7-4668-BE54-9A1E7A4F7556}") = "UskokDB.Debug", "UskokDB.Debug\UskokDB.Debug.csproj", "{26CB79B8-8F64-4F86-889A-911A506B5D6E}"
EndProject
Project("{9A19103F-16F7-4668-BE54-9A1E7A4F7556}") = "UskokDB.AspNetExtensions", "UskokDB.AspNetExtensions\UskokDB.AspNetExtensions.csproj", "{ED589DF9-37E4-439D-A6C9-96D568081F3D}"
EndProject
Project("{FAE04EC0-301F-11D3-BF4B-00C04F79EFBC}") = "UskokDB.Generator", "UskokDB.Generator\UskokDB.Generator.csproj", "{18B2E6A3-38A7-4E7E-999B-A15B9354A4BE}"
EndProject
Global
	GlobalSection(SolutionConfigurationPlatforms) = preSolution
		Debug|Any CPU = Debug|Any CPU
		Release|Any CPU = Release|Any CPU
	EndGlobalSection
	GlobalSection(ProjectConfigurationPlatforms) = postSolution
		{2F377CF6-D2DC-4F6B-9489-7133ACC3CB77}.Debug|Any CPU.ActiveCfg = Debug|Any CPU
		{2F377CF6-D2DC-4F6B-9489-7133ACC3CB77}.Debug|Any CPU.Build.0 = Debug|Any CPU
		{2F377CF6-D2DC-4F6B-9489-7133ACC3CB77}.Release|Any CPU.ActiveCfg = Release|Any CPU
		{2F377CF6-D2DC-4F6B-9489-7133ACC3CB77}.Release|Any CPU.Build.0 = Release|Any CPU
		{26CB79B8-8F64-4F86-889A-911A506B5D6E}.Debug|Any CPU.ActiveCfg = Debug|Any CPU
		{26CB79B8-8F64-4F86-889A-911A506B5D6E}.Debug|Any CPU.Build.0 = Debug|Any CPU
		{26CB79B8-8F64-4F86-889A-911A506B5D6E}.Release|Any CPU.ActiveCfg = Release|Any CPU
		{26CB79B8-8F64-4F86-889A-911A506B5D6E}.Release|Any CPU.Build.0 = Release|Any CPU
		{ED589DF9-37E4-439D-A6C9-96D568081F3D}.Debug|Any CPU.ActiveCfg = Debug|Any CPU
		{ED589DF9-37E4-439D-A6C9-96D568081F3D}.Debug|Any CPU.Build.0 = Debug|Any CPU
		{ED589DF9-37E4-439D-A6C9-96D568081F3D}.Release|Any CPU.ActiveCfg = Release|Any CPU
		{ED589DF9-37E4-439D-A6C9-96D568081F3D}.Release|Any CPU.Build.0 = Release|Any CPU
		{18B2E6A3-38A7-4E7E-999B-A15B9354A4BE}.Debug|Any CPU.ActiveCfg = Debug|Any CPU
		{18B2E6A3-38A7-4E7E-999B-A15B9354A4BE}.Debug|Any CPU.Build.0 = Debug|Any CPU
		{18B2E6A3-38A7-4E7E-999B-A15B9354A4BE}.Release|Any CPU.ActiveCfg = Release|Any CPU
		{18B2E6A3-38A7-4E7E-999B-A15B9354A4BE}.Release|Any CPU.Build.0 = Release|Any CPU
	EndGlobalSection
	GlobalSection(SolutionProperties) = preSolution
		HideSolutionNode = FALSE
	EndGlobalSection
	GlobalSection(ExtensibilityGlobals) = postSolution
		SolutionGuid = {0FA916C5-2D33-4D1F-886C-0BFF46B1BF36}
	EndGlobalSection
EndGlobal
